// !$*UTF8*$!
{
	archiveVersion = 1;
	classes = {
	};
	objectVersion = 46;
	objects = {

/* Begin PBXBuildFile section */
		34C80F0E1D41CA3300DD0FD8 /* main.m in Sources */ = {isa = PBXBuildFile; fileRef = 34C80F0D1D41CA3300DD0FD8 /* main.m */; };
		34C80F111D41CA3300DD0FD8 /* AppDelegate.m in Sources */ = {isa = PBXBuildFile; fileRef = 34C80F101D41CA3300DD0FD8 /* AppDelegate.m */; };
		34C80F141D41CA3300DD0FD8 /* ViewController.m in Sources */ = {isa = PBXBuildFile; fileRef = 34C80F131D41CA3300DD0FD8 /* ViewController.m */; };
		34C80F171D41CA3300DD0FD8 /* Main.storyboard in Resources */ = {isa = PBXBuildFile; fileRef = 34C80F151D41CA3300DD0FD8 /* Main.storyboard */; };
		34C80F191D41CA3300DD0FD8 /* Assets.xcassets in Resources */ = {isa = PBXBuildFile; fileRef = 34C80F181D41CA3300DD0FD8 /* Assets.xcassets */; };
		34C80F1C1D41CA3300DD0FD8 /* LaunchScreen.storyboard in Resources */ = {isa = PBXBuildFile; fileRef = 34C80F1A1D41CA3300DD0FD8 /* LaunchScreen.storyboard */; };
		34C80F271D41CA3300DD0FD8 /* Runtime______Tests.m in Sources */ = {isa = PBXBuildFile; fileRef = 34C80F261D41CA3300DD0FD8 /* Runtime______Tests.m */; };
		34C80F321D41CA3300DD0FD8 /* Runtime______UITests.m in Sources */ = {isa = PBXBuildFile; fileRef = 34C80F311D41CA3300DD0FD8 /* Runtime______UITests.m */; };
		34C80F481D41CB0300DD0FD8 /* NSDictionary+property.m in Sources */ = {isa = PBXBuildFile; fileRef = 34C80F471D41CB0300DD0FD8 /* NSDictionary+property.m */; };
		34C80F4B1D41DADD00DD0FD8 /* NSObject+Model.m in Sources */ = {isa = PBXBuildFile; fileRef = 34C80F4A1D41DADD00DD0FD8 /* NSObject+Model.m */; };
		34C80F4E1D41DD6400DD0FD8 /* OneModel.m in Sources */ = {isa = PBXBuildFile; fileRef = 34C80F4D1D41DD6400DD0FD8 /* OneModel.m */; };
		34C80F511D41EAFC00DD0FD8 /* TwoModel.m in Sources */ = {isa = PBXBuildFile; fileRef = 34C80F501D41EAFC00DD0FD8 /* TwoModel.m */; };
		34C80F541D41FA8E00DD0FD8 /* ThreeModel.m in Sources */ = {isa = PBXBuildFile; fileRef = 34C80F531D41FA8E00DD0FD8 /* ThreeModel.m */; };
/* End PBXBuildFile section */

/* Begin PBXContainerItemProxy section */
		34C80F231D41CA3300DD0FD8 /* PBXContainerItemProxy */ = {
			isa = PBXContainerItemProxy;
			containerPortal = 34C80F011D41CA3300DD0FD8 /* Project object */;
			proxyType = 1;
			remoteGlobalIDString = 34C80F081D41CA3300DD0FD8;
			remoteInfo = "Runtime 字典转模型";
		};
		34C80F2E1D41CA3300DD0FD8 /* PBXContainerItemProxy */ = {
			isa = PBXContainerItemProxy;
			containerPortal = 34C80F011D41CA3300DD0FD8 /* Project object */;
			proxyType = 1;
			remoteGlobalIDString = 34C80F081D41CA3300DD0FD8;
			remoteInfo = "Runtime 字典转模型";
		};
/* End PBXContainerItemProxy section */

/* Begin PBXFileReference section */
		34C80F091D41CA3300DD0FD8 /* Runtime 字典转模型.app */ = {isa = PBXFileReference; explicitFileType = wrapper.application; includeInIndex = 0; path = "Runtime 字典转模型.app"; sourceTree = BUILT_PRODUCTS_DIR; };
		34C80F0D1D41CA3300DD0FD8 /* main.m */ = {isa = PBXFileReference; lastKnownFileType = sourcecode.c.objc; path = main.m; sourceTree = "<group>"; };
		34C80F0F1D41CA3300DD0FD8 /* AppDelegate.h */ = {isa = PBXFileReference; lastKnownFileType = sourcecode.c.h; path = AppDelegate.h; sourceTree = "<group>"; };
		34C80F101D41CA3300DD0FD8 /* AppDelegate.m */ = {isa = PBXFileReference; lastKnownFileType = sourcecode.c.objc; path = AppDelegate.m; sourceTree = "<group>"; };
		34C80F121D41CA3300DD0FD8 /* ViewController.h */ = {isa = PBXFileReference; lastKnownFileType = sourcecode.c.h; path = ViewController.h; sourceTree = "<group>"; };
		34C80F131D41CA3300DD0FD8 /* ViewController.m */ = {isa = PBXFileReference; lastKnownFileType = sourcecode.c.objc; path = ViewController.m; sourceTree = "<group>"; };
		34C80F161D41CA3300DD0FD8 /* Base */ = {isa = PBXFileReference; lastKnownFileType = file.storyboard; name = Base; path = Base.lproj/Main.storyboard; sourceTree = "<group>"; };
		34C80F181D41CA3300DD0FD8 /* Assets.xcassets */ = {isa = PBXFileReference; lastKnownFileType = folder.assetcatalog; path = Assets.xcassets; sourceTree = "<group>"; };
		34C80F1B1D41CA3300DD0FD8 /* Base */ = {isa = PBXFileReference; lastKnownFileType = file.storyboard; name = Base; path = Base.lproj/LaunchScreen.storyboard; sourceTree = "<group>"; };
		34C80F1D1D41CA3300DD0FD8 /* Info.plist */ = {isa = PBXFileReference; lastKnownFileType = text.plist.xml; path = Info.plist; sourceTree = "<group>"; };
		34C80F221D41CA3300DD0FD8 /* Runtime 字典转模型Tests.xctest */ = {isa = PBXFileReference; explicitFileType = wrapper.cfbundle; includeInIndex = 0; path = "Runtime 字典转模型Tests.xctest"; sourceTree = BUILT_PRODUCTS_DIR; };
		34C80F261D41CA3300DD0FD8 /* Runtime______Tests.m */ = {isa = PBXFileReference; lastKnownFileType = sourcecode.c.objc; path = "Runtime______Tests.m"; sourceTree = "<group>"; };
		34C80F281D41CA3300DD0FD8 /* Info.plist */ = {isa = PBXFileReference; lastKnownFileType = text.plist.xml; path = Info.plist; sourceTree = "<group>"; };
		34C80F2D1D41CA3300DD0FD8 /* Runtime 字典转模型UITests.xctest */ = {isa = PBXFileReference; explicitFileType = wrapper.cfbundle; includeInIndex = 0; path = "Runtime 字典转模型UITests.xctest"; sourceTree = BUILT_PRODUCTS_DIR; };
		34C80F311D41CA3300DD0FD8 /* Runtime______UITests.m */ = {isa = PBXFileReference; lastKnownFileType = sourcecode.c.objc; path = "Runtime______UITests.m"; sourceTree = "<group>"; };
		34C80F331D41CA3300DD0FD8 /* Info.plist */ = {isa = PBXFileReference; lastKnownFileType = text.plist.xml; path = Info.plist; sourceTree = "<group>"; };
		34C80F461D41CB0300DD0FD8 /* NSDictionary+property.h */ = {isa = PBXFileReference; fileEncoding = 4; lastKnownFileType = sourcecode.c.h; path = "NSDictionary+property.h"; sourceTree = "<group>"; };
		34C80F471D41CB0300DD0FD8 /* NSDictionary+property.m */ = {isa = PBXFileReference; fileEncoding = 4; lastKnownFileType = sourcecode.c.objc; path = "NSDictionary+property.m"; sourceTree = "<group>"; };
		34C80F491D41DADD00DD0FD8 /* NSObject+Model.h */ = {isa = PBXFileReference; fileEncoding = 4; lastKnownFileType = sourcecode.c.h; path = "NSObject+Model.h"; sourceTree = "<group>"; };
		34C80F4A1D41DADD00DD0FD8 /* NSObject+Model.m */ = {isa = PBXFileReference; fileEncoding = 4; lastKnownFileType = sourcecode.c.objc; path = "NSObject+Model.m"; sourceTree = "<group>"; };
		34C80F4C1D41DD6400DD0FD8 /* OneModel.h */ = {isa = PBXFileReference; fileEncoding = 4; lastKnownFileType = sourcecode.c.h; path = OneModel.h; sourceTree = "<group>"; };
		34C80F4D1D41DD6400DD0FD8 /* OneModel.m */ = {isa = PBXFileReference; fileEncoding = 4; lastKnownFileType = sourcecode.c.objc; path = OneModel.m; sourceTree = "<group>"; };
		34C80F4F1D41EAFC00DD0FD8 /* TwoModel.h */ = {isa = PBXFileReference; fileEncoding = 4; lastKnownFileType = sourcecode.c.h; name = TwoModel.h; path = "自动生成属性代码/TwoModel.h"; sourceTree = "<group>"; };
		34C80F501D41EAFC00DD0FD8 /* TwoModel.m */ = {isa = PBXFileReference; fileEncoding = 4; lastKnownFileType = sourcecode.c.objc; name = TwoModel.m; path = "自动生成属性代码/TwoModel.m"; sourceTree = "<group>"; };
		34C80F521D41FA8E00DD0FD8 /* ThreeModel.h */ = {isa = PBXFileReference; fileEncoding = 4; lastKnownFileType = sourcecode.c.h; path = ThreeModel.h; sourceTree = "<group>"; };
		34C80F531D41FA8E00DD0FD8 /* ThreeModel.m */ = {isa = PBXFileReference; fileEncoding = 4; lastKnownFileType = sourcecode.c.objc; path = ThreeModel.m; sourceTree = "<group>"; };
/* End PBXFileReference section */

/* Begin PBXFrameworksBuildPhase section */
		34C80F061D41CA3300DD0FD8 /* Frameworks */ = {
			isa = PBXFrameworksBuildPhase;
			buildActionMask = 2147483647;
			files = (
			);
			runOnlyForDeploymentPostprocessing = 0;
		};
		34C80F1F1D41CA3300DD0FD8 /* Frameworks */ = {
			isa = PBXFrameworksBuildPhase;
			buildActionMask = 2147483647;
			files = (
			);
			runOnlyForDeploymentPostprocessing = 0;
		};
		34C80F2A1D41CA3300DD0FD8 /* Frameworks */ = {
			isa = PBXFrameworksBuildPhase;
			buildActionMask = 2147483647;
			files = (
			);
			runOnlyForDeploymentPostprocessing = 0;
		};
/* End PBXFrameworksBuildPhase section */

/* Begin PBXGroup section */
		34C80F001D41CA3300DD0FD8 = {
			isa = PBXGroup;
			children = (
				34C80F0B1D41CA3300DD0FD8 /* Runtime 字典转模型 */,
				34C80F251D41CA3300DD0FD8 /* Runtime 字典转模型Tests */,
				34C80F301D41CA3300DD0FD8 /* Runtime 字典转模型UITests */,
				34C80F0A1D41CA3300DD0FD8 /* Products */,
			);
			sourceTree = "<group>";
		};
		34C80F0A1D41CA3300DD0FD8 /* Products */ = {
			isa = PBXGroup;
			children = (
				34C80F091D41CA3300DD0FD8 /* Runtime 字典转模型.app */,
				34C80F221D41CA3300DD0FD8 /* Runtime 字典转模型Tests.xctest */,
				34C80F2D1D41CA3300DD0FD8 /* Runtime 字典转模型UITests.xctest */,
			);
			name = Products;
			sourceTree = "<group>";
		};
		34C80F0B1D41CA3300DD0FD8 /* Runtime 字典转模型 */ = {
			isa = PBXGroup;
			children = (
				34C80F451D41CB0300DD0FD8 /* 自动生成属性代码 */,
				34C80F121D41CA3300DD0FD8 /* ViewController.h */,
				34C80F131D41CA3300DD0FD8 /* ViewController.m */,
				34C80F4F1D41EAFC00DD0FD8 /* TwoModel.h */,
				34C80F501D41EAFC00DD0FD8 /* TwoModel.m */,
				34C80F521D41FA8E00DD0FD8 /* ThreeModel.h */,
				34C80F531D41FA8E00DD0FD8 /* ThreeModel.m */,
				34C80F4C1D41DD6400DD0FD8 /* OneModel.h */,
				34C80F4D1D41DD6400DD0FD8 /* OneModel.m */,
				34C80F0C1D41CA3300DD0FD8 /* Supporting Files */,
			);
			path = "Runtime 字典转模型";
			sourceTree = "<group>";
		};
		34C80F0C1D41CA3300DD0FD8 /* Supporting Files */ = {
			isa = PBXGroup;
			children = (
				34C80F0F1D41CA3300DD0FD8 /* AppDelegate.h */,
				34C80F101D41CA3300DD0FD8 /* AppDelegate.m */,
				34C80F151D41CA3300DD0FD8 /* Main.storyboard */,
				34C80F181D41CA3300DD0FD8 /* Assets.xcassets */,
				34C80F1A1D41CA3300DD0FD8 /* LaunchScreen.storyboard */,
				34C80F1D1D41CA3300DD0FD8 /* Info.plist */,
				34C80F0D1D41CA3300DD0FD8 /* main.m */,
			);
			name = "Supporting Files";
			sourceTree = "<group>";
		};
		34C80F251D41CA3300DD0FD8 /* Runtime 字典转模型Tests */ = {
			isa = PBXGroup;
			children = (
				34C80F261D41CA3300DD0FD8 /* Runtime______Tests.m */,
				34C80F281D41CA3300DD0FD8 /* Info.plist */,
			);
			path = "Runtime 字典转模型Tests";
			sourceTree = "<group>";
		};
		34C80F301D41CA3300DD0FD8 /* Runtime 字典转模型UITests */ = {
			isa = PBXGroup;
			children = (
				34C80F311D41CA3300DD0FD8 /* Runtime______UITests.m */,
				34C80F331D41CA3300DD0FD8 /* Info.plist */,
			);
			path = "Runtime 字典转模型UITests";
			sourceTree = "<group>";
		};
		34C80F451D41CB0300DD0FD8 /* 自动生成属性代码 */ = {
			isa = PBXGroup;
			children = (
				34C80F461D41CB0300DD0FD8 /* NSDictionary+property.h */,
				34C80F471D41CB0300DD0FD8 /* NSDictionary+property.m */,
				34C80F491D41DADD00DD0FD8 /* NSObject+Model.h */,
				34C80F4A1D41DADD00DD0FD8 /* NSObject+Model.m */,
			);
			path = "自动生成属性代码";
			sourceTree = "<group>";
		};
/* End PBXGroup section */

/* Begin PBXNativeTarget section */
		34C80F081D41CA3300DD0FD8 /* Runtime 字典转模型 */ = {
			isa = PBXNativeTarget;
			buildConfigurationList = 34C80F361D41CA3300DD0FD8 /* Build configuration list for PBXNativeTarget "Runtime 字典转模型" */;
			buildPhases = (
				34C80F051D41CA3300DD0FD8 /* Sources */,
				34C80F061D41CA3300DD0FD8 /* Frameworks */,
				34C80F071D41CA3300DD0FD8 /* Resources */,
			);
			buildRules = (
			);
			dependencies = (
			);
			name = "Runtime 字典转模型";
			productName = "Runtime 字典转模型";
			productReference = 34C80F091D41CA3300DD0FD8 /* Runtime 字典转模型.app */;
			productType = "com.apple.product-type.application";
		};
		34C80F211D41CA3300DD0FD8 /* Runtime 字典转模型Tests */ = {
			isa = PBXNativeTarget;
			buildConfigurationList = 34C80F391D41CA3300DD0FD8 /* Build configuration list for PBXNativeTarget "Runtime 字典转模型Tests" */;
			buildPhases = (
				34C80F1E1D41CA3300DD0FD8 /* Sources */,
				34C80F1F1D41CA3300DD0FD8 /* Frameworks */,
				34C80F201D41CA3300DD0FD8 /* Resources */,
			);
			buildRules = (
			);
			dependencies = (
				34C80F241D41CA3300DD0FD8 /* PBXTargetDependency */,
			);
			name = "Runtime 字典转模型Tests";
			productName = "Runtime 字典转模型Tests";
			productReference = 34C80F221D41CA3300DD0FD8 /* Runtime 字典转模型Tests.xctest */;
			productType = "com.apple.product-type.bundle.unit-test";
		};
		34C80F2C1D41CA3300DD0FD8 /* Runtime 字典转模型UITests */ = {
			isa = PBXNativeTarget;
			buildConfigurationList = 34C80F3C1D41CA3300DD0FD8 /* Build configuration list for PBXNativeTarget "Runtime 字典转模型UITests" */;
			buildPhases = (
				34C80F291D41CA3300DD0FD8 /* Sources */,
				34C80F2A1D41CA3300DD0FD8 /* Frameworks */,
				34C80F2B1D41CA3300DD0FD8 /* Resources */,
			);
			buildRules = (
			);
			dependencies = (
				34C80F2F1D41CA3300DD0FD8 /* PBXTargetDependency */,
			);
			name = "Runtime 字典转模型UITests";
			productName = "Runtime 字典转模型UITests";
			productReference = 34C80F2D1D41CA3300DD0FD8 /* Runtime 字典转模型UITests.xctest */;
			productType = "com.apple.product-type.bundle.ui-testing";
		};
/* End PBXNativeTarget section */

/* Begin PBXProject section */
		34C80F011D41CA3300DD0FD8 /* Project object */ = {
			isa = PBXProject;
			attributes = {
				LastUpgradeCheck = 0720;
				ORGANIZATIONNAME = "澳蜗科技";
				TargetAttributes = {
					34C80F081D41CA3300DD0FD8 = {
						CreatedOnToolsVersion = 7.2.1;
					};
					34C80F211D41CA3300DD0FD8 = {
						CreatedOnToolsVersion = 7.2.1;
						TestTargetID = 34C80F081D41CA3300DD0FD8;
					};
					34C80F2C1D41CA3300DD0FD8 = {
						CreatedOnToolsVersion = 7.2.1;
						TestTargetID = 34C80F081D41CA3300DD0FD8;
					};
				};
			};
			buildConfigurationList = 34C80F041D41CA3300DD0FD8 /* Build configuration list for PBXProject "Runtime 字典转模型" */;
			compatibilityVersion = "Xcode 3.2";
			developmentRegion = English;
			hasScannedForEncodings = 0;
			knownRegions = (
				en,
				Base,
			);
			mainGroup = 34C80F001D41CA3300DD0FD8;
			productRefGroup = 34C80F0A1D41CA3300DD0FD8 /* Products */;
			projectDirPath = "";
			projectRoot = "";
			targets = (
				34C80F081D41CA3300DD0FD8 /* Runtime 字典转模型 */,
				34C80F211D41CA3300DD0FD8 /* Runtime 字典转模型Tests */,
				34C80F2C1D41CA3300DD0FD8 /* Runtime 字典转模型UITests */,
			);
		};
/* End PBXProject section */

/* Begin PBXResourcesBuildPhase section */
		34C80F071D41CA3300DD0FD8 /* Resources */ = {
			isa = PBXResourcesBuildPhase;
			buildActionMask = 2147483647;
			files = (
				34C80F1C1D41CA3300DD0FD8 /* LaunchScreen.storyboard in Resources */,
				34C80F191D41CA3300DD0FD8 /* Assets.xcassets in Resources */,
				34C80F171D41CA3300DD0FD8 /* Main.storyboard in Resources */,
			);
			runOnlyForDeploymentPostprocessing = 0;
		};
		34C80F201D41CA3300DD0FD8 /* Resources */ = {
			isa = PBXResourcesBuildPhase;
			buildActionMask = 2147483647;
			files = (
			);
			runOnlyForDeploymentPostprocessing = 0;
		};
		34C80F2B1D41CA3300DD0FD8 /* Resources */ = {
			isa = PBXResourcesBuildPhase;
			buildActionMask = 2147483647;
			files = (
			);
			runOnlyForDeploymentPostprocessing = 0;
		};
/* End PBXResourcesBuildPhase section */

/* Begin PBXSourcesBuildPhase section */
		34C80F051D41CA3300DD0FD8 /* Sources */ = {
			isa = PBXSourcesBuildPhase;
			buildActionMask = 2147483647;
			files = (
				34C80F541D41FA8E00DD0FD8 /* ThreeModel.m in Sources */,
				34C80F4E1D41DD6400DD0FD8 /* OneModel.m in Sources */,
				34C80F511D41EAFC00DD0FD8 /* TwoModel.m in Sources */,
				34C80F141D41CA3300DD0FD8 /* ViewController.m in Sources */,
				34C80F481D41CB0300DD0FD8 /* NSDictionary+property.m in Sources */,
				34C80F111D41CA3300DD0FD8 /* AppDelegate.m in Sources */,
				34C80F0E1D41CA3300DD0FD8 /* main.m in Sources */,
				34C80F4B1D41DADD00DD0FD8 /* NSObject+Model.m in Sources */,
			);
			runOnlyForDeploymentPostprocessing = 0;
		};
		34C80F1E1D41CA3300DD0FD8 /* Sources */ = {
			isa = PBXSourcesBuildPhase;
			buildActionMask = 2147483647;
			files = (
				34C80F271D41CA3300DD0FD8 /* Runtime______Tests.m in Sources */,
			);
			runOnlyForDeploymentPostprocessing = 0;
		};
		34C80F291D41CA3300DD0FD8 /* Sources */ = {
			isa = PBXSourcesBuildPhase;
			buildActionMask = 2147483647;
			files = (
				34C80F321D41CA3300DD0FD8 /* Runtime______UITests.m in Sources */,
			);
			runOnlyForDeploymentPostprocessing = 0;
		};
/* End PBXSourcesBuildPhase section */

/* Begin PBXTargetDependency section */
		34C80F241D41CA3300DD0FD8 /* PBXTargetDependency */ = {
			isa = PBXTargetDependency;
			target = 34C80F081D41CA3300DD0FD8 /* Runtime 字典转模型 */;
			targetProxy = 34C80F231D41CA3300DD0FD8 /* PBXContainerItemProxy */;
		};
		34C80F2F1D41CA3300DD0FD8 /* PBXTargetDependency */ = {
			isa = PBXTargetDependency;
			target = 34C80F081D41CA3300DD0FD8 /* Runtime 字典转模型 */;
			targetProxy = 34C80F2E1D41CA3300DD0FD8 /* PBXContainerItemProxy */;
		};
/* End PBXTargetDependency section */

/* Begin PBXVariantGroup section */
		34C80F151D41CA3300DD0FD8 /* Main.storyboard */ = {
			isa = PBXVariantGroup;
			children = (
				34C80F161D41CA3300DD0FD8 /* Base */,
			);
			name = Main.storyboard;
			sourceTree = "<group>";
		};
		34C80F1A1D41CA3300DD0FD8 /* LaunchScreen.storyboard */ = {
			isa = PBXVariantGroup;
			children = (
				34C80F1B1D41CA3300DD0FD8 /* Base */,
			);
			name = LaunchScreen.storyboard;
			sourceTree = "<group>";
		};
/* End PBXVariantGroup section */

/* Begin XCBuildConfiguration section */
		34C80F341D41CA3300DD0FD8 /* Debug */ = {
			isa = XCBuildConfiguration;
			buildSettings = {
				ALWAYS_SEARCH_USER_PATHS = NO;
				CLANG_CXX_LANGUAGE_STANDARD = "gnu++0x";
				CLANG_CXX_LIBRARY = "libc++";
				CLANG_ENABLE_MODULES = YES;
				CLANG_ENABLE_OBJC_ARC = YES;
				CLANG_WARN_BOOL_CONVERSION = YES;
				CLANG_WARN_CONSTANT_CONVERSION = YES;
				CLANG_WARN_DIRECT_OBJC_ISA_USAGE = YES_ERROR;
				CLANG_WARN_EMPTY_BODY = YES;
				CLANG_WARN_ENUM_CONVERSION = YES;
				CLANG_WARN_INT_CONVERSION = YES;
				CLANG_WARN_OBJC_ROOT_CLASS = YES_ERROR;
				CLANG_WARN_UNREACHABLE_CODE = YES;
				CLANG_WARN__DUPLICATE_METHOD_MATCH = YES;
				"CODE_SIGN_IDENTITY[sdk=iphoneos*]" = "iPhone Developer";
				COPY_PHASE_STRIP = NO;
				DEBUG_INFORMATION_FORMAT = dwarf;
				ENABLE_STRICT_OBJC_MSGSEND = YES;
				ENABLE_TESTABILITY = YES;
				GCC_C_LANGUAGE_STANDARD = gnu99;
				GCC_DYNAMIC_NO_PIC = NO;
				GCC_NO_COMMON_BLOCKS = YES;
				GCC_OPTIMIZATION_LEVEL = 0;
				GCC_PREPROCESSOR_DEFINITIONS = (
					"DEBUG=1",
					"$(inherited)",
				);
				GCC_WARN_64_TO_32_BIT_CONVERSION = YES;
				GCC_WARN_ABOUT_RETURN_TYPE = YES_ERROR;
				GCC_WARN_UNDECLARED_SELECTOR = YES;
				GCC_WARN_UNINITIALIZED_AUTOS = YES_AGGRESSIVE;
				GCC_WARN_UNUSED_FUNCTION = YES;
				GCC_WARN_UNUSED_VARIABLE = YES;
				IPHONEOS_DEPLOYMENT_TARGET = 9.2;
				MTL_ENABLE_DEBUG_INFO = YES;
				ONLY_ACTIVE_ARCH = YES;
				SDKROOT = iphoneos;
			};
			name = Debug;
		};
		34C80F351D41CA3300DD0FD8 /* Release */ = {
			isa = XCBuildConfiguration;
			buildSettings = {
				ALWAYS_SEARCH_USER_PATHS = NO;
				CLANG_CXX_LANGUAGE_STANDARD = "gnu++0x";
				CLANG_CXX_LIBRARY = "libc++";
				CLANG_ENABLE_MODULES = YES;
				CLANG_ENABLE_OBJC_ARC = YES;
				CLANG_WARN_BOOL_CONVERSION = YES;
				CLANG_WARN_CONSTANT_CONVERSION = YES;
				CLANG_WARN_DIRECT_OBJC_ISA_USAGE = YES_ERROR;
				CLANG_WARN_EMPTY_BODY = YES;
				CLANG_WARN_ENUM_CONVERSION = YES;
				CLANG_WARN_INT_CONVERSION = YES;
				CLANG_WARN_OBJC_ROOT_CLASS = YES_ERROR;
				CLANG_WARN_UNREACHABLE_CODE = YES;
				CLANG_WARN__DUPLICATE_METHOD_MATCH = YES;
				"CODE_SIGN_IDENTITY[sdk=iphoneos*]" = "iPhone Developer";
				COPY_PHASE_STRIP = NO;
				DEBUG_INFORMATION_FORMAT = "dwarf-with-dsym";
				ENABLE_NS_ASSERTIONS = NO;
				ENABLE_STRICT_OBJC_MSGSEND = YES;
				GCC_C_LANGUAGE_STANDARD = gnu99;
				GCC_NO_COMMON_BLOCKS = YES;
				GCC_WARN_64_TO_32_BIT_CONVERSION = YES;
				GCC_WARN_ABOUT_RETURN_TYPE = YES_ERROR;
				GCC_WARN_UNDECLARED_SELECTOR = YES;
				GCC_WARN_UNINITIALIZED_AUTOS = YES_AGGRESSIVE;
				GCC_WARN_UNUSED_FUNCTION = YES;
				GCC_WARN_UNUSED_VARIABLE = YES;
				IPHONEOS_DEPLOYMENT_TARGET = 9.2;
				MTL_ENABLE_DEBUG_INFO = NO;
				SDKROOT = iphoneos;
				VALIDATE_PRODUCT = YES;
			};
			name = Release;
		};
		34C80F371D41CA3300DD0FD8 /* Debug */ = {
			isa = XCBuildConfiguration;
			buildSettings = {
				ASSETCATALOG_COMPILER_APPICON_NAME = AppIcon;
				ENABLE_STRICT_OBJC_MSGSEND = YES;
				INFOPLIST_FILE = "Runtime 字典转模型/Info.plist";
				LD_RUNPATH_SEARCH_PATHS = "$(inherited) @executable_path/Frameworks";
				PRODUCT_BUNDLE_IDENTIFIER = "AWKJ.Runtime------";
				PRODUCT_NAME = "$(TARGET_NAME)";
			};
			name = Debug;
		};
		34C80F381D41CA3300DD0FD8 /* Release */ = {
			isa = XCBuildConfiguration;
			buildSettings = {
				ASSETCATALOG_COMPILER_APPICON_NAME = AppIcon;
				ENABLE_STRICT_OBJC_MSGSEND = YES;
				INFOPLIST_FILE = "Runtime 字典转模型/Info.plist";
				LD_RUNPATH_SEARCH_PATHS = "$(inherited) @executable_path/Frameworks";
				PRODUCT_BUNDLE_IDENTIFIER = "AWKJ.Runtime------";
				PRODUCT_NAME = "$(TARGET_NAME)";
			};
			name = Release;
		};
		34C80F3A1D41CA3300DD0FD8 /* Debug */ = {
			isa = XCBuildConfiguration;
			buildSettings = {
				BUNDLE_LOADER = "$(TEST_HOST)";
				INFOPLIST_FILE = "Runtime 字典转模型Tests/Info.plist";
				LD_RUNPATH_SEARCH_PATHS = "$(inherited) @executable_path/Frameworks @loader_path/Frameworks";
				PRODUCT_BUNDLE_IDENTIFIER = "AWKJ.Runtime------Tests";
				PRODUCT_NAME = "$(TARGET_NAME)";
				TEST_HOST = "$(BUILT_PRODUCTS_DIR)/Runtime 字典转模型.app/Runtime 字典转模型";
			};
			name = Debug;
		};
		34C80F3B1D41CA3300DD0FD8 /* Release */ = {
			isa = XCBuildConfiguration;
			buildSettings = {
				BUNDLE_LOADER = "$(TEST_HOST)";
				INFOPLIST_FILE = "Runtime 字典转模型Tests/Info.plist";
				LD_RUNPATH_SEARCH_PATHS = "$(inherited) @executable_path/Frameworks @loader_path/Frameworks";
				PRODUCT_BUNDLE_IDENTIFIER = "AWKJ.Runtime------Tests";
				PRODUCT_NAME = "$(TARGET_NAME)";
				TEST_HOST = "$(BUILT_PRODUCTS_DIR)/Runtime 字典转模型.app/Runtime 字典转模型";
			};
			name = Release;
		};
		34C80F3D1D41CA3300DD0FD8 /* Debug */ = {
			isa = XCBuildConfiguration;
			buildSettings = {
				INFOPLIST_FILE = "Runtime 字典转模型UITests/Info.plist";
				LD_RUNPATH_SEARCH_PATHS = "$(inherited) @executable_path/Frameworks @loader_path/Frameworks";
				PRODUCT_BUNDLE_IDENTIFIER = "AWKJ.Runtime------UITests";
				PRODUCT_NAME = "$(TARGET_NAME)";
				TEST_TARGET_NAME = "Runtime 字典转模型";
				USES_XCTRUNNER = YES;
			};
			name = Debug;
		};
		34C80F3E1D41CA3300DD0FD8 /* Release */ = {
			isa = XCBuildConfiguration;
			buildSettings = {
				INFOPLIST_FILE = "Runtime 字典转模型UITests/Info.plist";
				LD_RUNPATH_SEARCH_PATHS = "$(inherited) @executable_path/Frameworks @loader_path/Frameworks";
				PRODUCT_BUNDLE_IDENTIFIER = "AWKJ.Runtime------UITests";
				PRODUCT_NAME = "$(TARGET_NAME)";
				TEST_TARGET_NAME = "Runtime 字典转模型";
				USES_XCTRUNNER = YES;
			};
			name = Release;
		};
/* End XCBuildConfiguration section */

/* Begin XCConfigurationList section */
		34C80F041D41CA3300DD0FD8 /* Build configuration list for PBXProject "Runtime 字典转模型" */ = {
			isa = XCConfigurationList;
			buildConfigurations = (
				34C80F341D41CA3300DD0FD8 /* Debug */,
				34C80F351D41CA3300DD0FD8 /* Release */,
			);
			defaultConfigurationIsVisible = 0;
			defaultConfigurationName = Release;
		};
		34C80F361D41CA3300DD0FD8 /* Build configuration list for PBXNativeTarget "Runtime 字典转模型" */ = {
			isa = XCConfigurationList;
			buildConfigurations = (
				34C80F371D41CA3300DD0FD8 /* Debug */,
				34C80F381D41CA3300DD0FD8 /* Release */,
			);
			defaultConfigurationIsVisible = 0;
		};
		34C80F391D41CA3300DD0FD8 /* Build configuration list for PBXNativeTarget "Runtime 字典转模型Tests" */ = {
			isa = XCConfigurationList;
			buildConfigurations = (
				34C80F3A1D41CA3300DD0FD8 /* Debug */,
				34C80F3B1D41CA3300DD0FD8 /* Release */,
			);
			defaultConfigurationIsVisible = 0;
		};
		34C80F3C1D41CA3300DD0FD8 /* Build configuration list for PBXNativeTarget "Runtime 字典转模型UITests" */ = {
			isa = XCConfigurationList;
			buildConfigurations = (
				34C80F3D1D41CA3300DD0FD8 /* Debug */,
				34C80F3E1D41CA3300DD0FD8 /* Release */,
			);
			defaultConfigurationIsVisible = 0;
		};
/* End XCConfigurationList section */
	};
	rootObject = 34C80F011D41CA3300DD0FD8 /* Project object */;
}
